
Microsoft Visual Studio Solution File, Format Version 12.00
# Visual Studio Version 17
VisualStudioVersion = 17.9.34701.34
MinimumVisualStudioVersion = 10.0.40219.1
Project("{FAE04EC0-301F-11D3-BF4B-00C04F79EFBC}") = "C# Chess Board Game Part 13", "C# Chess Board Game Part 13\C# Chess Board Game Part 13.csproj", "{D8C9C5F8-6B8C-4DE2-B024-F0766655E307}"
EndProject
Global
	GlobalSection(SolutionConfigurationPlatforms) = preSolution
		Debug|Any CPU = Debug|Any CPU
		Release|Any CPU = Release|Any CPU
	EndGlobalSection
	GlobalSection(ProjectConfigurationPlatforms) = postSolution
		{D8C9C5F8-6B8C-4DE2-B024-F0766655E307}.Debug|Any CPU.ActiveCfg = Debug|Any CPU
		{D8C9C5F8-6B8C-4DE2-B024-F0766655E307}.Debug|Any CPU.Build.0 = Debug|Any CPU
		{D8C9C5F8-6B8C-4DE2-B024-F0766655E307}.Release|Any CPU.ActiveCfg = Release|Any CPU
		{D8C9C5F8-6B8C-4DE2-B024-F0766655E307}.Release|Any CPU.Build.0 = Release|Any CPU
	EndGlobalSection
	GlobalSection(SolutionProperties) = preSolution
		HideSolutionNode = FALSE
	EndGlobalSection
	GlobalSection(ExtensibilityGlobals) = postSolution
		SolutionGuid = {04DD3B69-9A6B-4713-AB28-66D127CEE488}
	EndGlobalSection
EndGlobal
